schema: '2.0'
stages:
  analyze_damage:
    cmd: python script/analyze_damage.py
    deps:
    - path: data/processed
      hash: md5
      md5: c65929bd7ce31b42ff363329c3c92a6e.dir
      size: 18350312
      nfiles: 553
    - path: models/autoencoder_model.h5
      hash: md5
      md5: 65b0996bd5c0c7b1c89b645512c5b910
      size: 4075240
    - path: script/analyze_damage.py
      hash: md5
      md5: b7a8ba5b9ed2458a9946f6e5f61dd8a6
      size: 3894
    params:
      params.yaml:
        data:
          raw: data/raw/Faulty_solar_panel
          input_folder: data/raw/Faulty_solar_panel/Physical-Damage
          output_folder: results/metrics/squiggliness_output
          raw_dir: data/raw/Faulty_solar_panel
          processed_dir: data/processed
          train_split: 0.8
          val_split: 0.2
          shuffle_data: true
          data_augmentation: true
          augmentation_strength: 0.5
        squiggliness:
          threshold: 1.5
          area_min: 100
          threshold_major: 0.65
          threshold_minor: 0.45
        training:
          batch_size: 16
          epochs: 20
          img_height: 224
          img_width: 224
          learning_rate: 0.0005
          model_output: models/autoencoder_model.h5
          optimizer: adam
          dropout_rate: 0.3
          early_stopping_patience: 5
          random_seed: 42
    outs:
    - path: reports/autoencoder_evaluation.json
      hash: md5
      md5: 44db055d0e21238964f7324066ca9ee2
      size: 112
    - path: reports/confusion_matrix_autoencoder.png
      hash: md5
      md5: e07c81a9470ca272f32783cfcc75bd87
      size: 21105
    - path: reports/reconstruction_error_hist.png
      hash: md5
      md5: 5f7d131a729175b046d2e0676f0fee80
      size: 20640
    - path: reports/reconstruction_errors.json
      hash: md5
      md5: 732a6c652580054728610ce1bdab8df6
      size: 4656
  evaluate_threshold:
    cmd: python script/evaluate_threshold.py
    deps:
    - path: reports/autoencoder_evaluation.json
      hash: md5
      md5: 44db055d0e21238964f7324066ca9ee2
      size: 112
    - path: reports/reconstruction_errors.json
      hash: md5
      md5: 732a6c652580054728610ce1bdab8df6
      size: 4656
    - path: script/evaluate_threshold.py
      hash: md5
      md5: cd86a5dddc9e633234081ef1cb912d7f
      size: 2843
    outs:
    - path: results/figures/reconstruction_boxplot.png
      hash: md5
      md5: 782a7eac3faad29b985f61dba5755a55
      size: 17935
    - path: results/figures/reconstruction_hist.png
      hash: md5
      md5: 2ca0d96176f8f9ac145b7c368e3dfaa0
      size: 25143
    - path: results/metrics/threshold_eval.json
      hash: md5
      md5: 22e5829428d8200c115b6c24ff08048d
      size: 124
  download_data:
    cmd: python script/download_data.py
    outs:
    - path: data/raw
      hash: md5
      md5: 6e14ba9c032251dfac0d7a917d64f8d3.dir
      size: 1298860746
      nfiles: 1106
  preprocess_data:
    cmd: python script/preprocess_data.py
    deps:
    - path: data/raw
      hash: md5
      md5: 6e14ba9c032251dfac0d7a917d64f8d3.dir
      size: 1298860746
      nfiles: 1106
    - path: script/preprocess_data.py
      hash: md5
      md5: ae81e8dd29a04ac49d5c595615fff856
      size: 1624
    params:
      params.yaml:
        data.processed_dir: data/processed
        data.raw_dir: data/raw/Faulty_solar_panel
        data.shuffle_data: true
        data.train_split: 0.8
        data.val_split: 0.2
    outs:
    - path: data/processed
      hash: md5
      md5: c65929bd7ce31b42ff363329c3c92a6e.dir
      size: 18350312
      nfiles: 553
  train_model:
    cmd: python script/train_model.py
    deps:
    - path: data/processed
      hash: md5
      md5: c65929bd7ce31b42ff363329c3c92a6e.dir
      size: 18350312
      nfiles: 553
    - path: params.yaml
      hash: md5
      md5: 5e1480cfb6ee34ae69f18363686857c3
      size: 769
    - path: script/train_model.py
      hash: md5
      md5: 2161773a9d86be0b0583edb85ef50e50
      size: 3186
    params:
      params.yaml:
        training:
          batch_size: 16
          epochs: 20
          img_height: 224
          img_width: 224
          learning_rate: 0.0005
          model_output: models/autoencoder_model.h5
          optimizer: adam
          dropout_rate: 0.3
          early_stopping_patience: 5
          random_seed: 42
    outs:
    - path: models/autoencoder_model.h5
      hash: md5
      md5: 65b0996bd5c0c7b1c89b645512c5b910
      size: 4075240
  package_model:
    cmd: python script/package_model.py
    deps:
    - path: models/autoencoder_model.h5
      hash: md5
      md5: 65b0996bd5c0c7b1c89b645512c5b910
      size: 4075240
    - path: script/package_model.py
      hash: md5
      md5: 3ba4786306d6313ddece519ea0ca08e7
      size: 1452
    outs:
    - path: deploy/model_package.tar.gz
      hash: md5
      md5: 20408a2dd6ea6724c0a7bb6ee159e45b
      size: 3787044
